// !$*UTF8*$!
{
	archiveVersion = 1;
	classes = {
	};
	objectVersion = 46;
	objects = {

/* Begin PBXBuildFile section */
		C98352631D1308920027A2F5 /* main.m in Sources */ = {isa = PBXBuildFile; fileRef = C98352621D1308920027A2F5 /* main.m */; };
		C98352661D1308920027A2F5 /* AppDelegate.m in Sources */ = {isa = PBXBuildFile; fileRef = C98352651D1308920027A2F5 /* AppDelegate.m */; };
		C98352691D1308920027A2F5 /* ViewController.m in Sources */ = {isa = PBXBuildFile; fileRef = C98352681D1308920027A2F5 /* ViewController.m */; };
		C983526C1D1308920027A2F5 /* Main.storyboard in Resources */ = {isa = PBXBuildFile; fileRef = C983526A1D1308920027A2F5 /* Main.storyboard */; };
		C983526E1D1308920027A2F5 /* Assets.xcassets in Resources */ = {isa = PBXBuildFile; fileRef = C983526D1D1308920027A2F5 /* Assets.xcassets */; };
		C98352711D1308920027A2F5 /* LaunchScreen.storyboard in Resources */ = {isa = PBXBuildFile; fileRef = C983526F1D1308920027A2F5 /* LaunchScreen.storyboard */; };
/* End PBXBuildFile section */

/* Begin PBXFileReference section */
		C983525E1D1308920027A2F5 /* Lifecycle.app */ = {isa = PBXFileReference; explicitFileType = wrapper.application; includeInIndex = 0; path = Lifecycle.app; sourceTree = BUILT_PRODUCTS_DIR; };
		C98352621D1308920027A2F5 /* main.m */ = {isa = PBXFileReference; lastKnownFileType = sourcecode.c.objc; path = main.m; sourceTree = "<group>"; };
		C98352641D1308920027A2F5 /* AppDelegate.h */ = {isa = PBXFileReference; lastKnownFileType = sourcecode.c.h; path = AppDelegate.h; sourceTree = "<group>"; };
		C98352651D1308920027A2F5 /* AppDelegate.m */ = {isa = PBXFileReference; lastKnownFileType = sourcecode.c.objc; path = AppDelegate.m; sourceTree = "<group>"; };
		C98352671D1308920027A2F5 /* ViewController.h */ = {isa = PBXFileReference; lastKnownFileType = sourcecode.c.h; path = ViewController.h; sourceTree = "<group>"; };
		C98352681D1308920027A2F5 /* ViewController.m */ = {isa = PBXFileReference; lastKnownFileType = sourcecode.c.objc; path = ViewController.m; sourceTree = "<group>"; };
		C983526B1D1308920027A2F5 /* Base */ = {isa = PBXFileReference; lastKnownFileType = file.storyboard; name = Base; path = Base.lproj/Main.storyboard; sourceTree = "<group>"; };
		C983526D1D1308920027A2F5 /* Assets.xcassets */ = {isa = PBXFileReference; lastKnownFileType = folder.assetcatalog; path = Assets.xcassets; sourceTree = "<group>"; };
		C98352701D1308920027A2F5 /* Base */ = {isa = PBXFileReference; lastKnownFileType = file.storyboard; name = Base; path = Base.lproj/LaunchScreen.storyboard; sourceTree = "<group>"; };
		C98352721D1308920027A2F5 /* Info.plist */ = {isa = PBXFileReference; lastKnownFileType = text.plist.xml; path = Info.plist; sourceTree = "<group>"; };
/* End PBXFileReference section */

/* Begin PBXFrameworksBuildPhase section */
		C983525B1D1308920027A2F5 /* Frameworks */ = {
			isa = PBXFrameworksBuildPhase;
			buildActionMask = 2147483647;
			files = (
			);
			runOnlyForDeploymentPostprocessing = 0;
		};
/* End PBXFrameworksBuildPhase section */

/* Begin PBXGroup section */
		C98352551D1308920027A2F5 = {
			isa = PBXGroup;
			children = (
				C98352601D1308920027A2F5 /* Lifecycle */,
				C983525F1D1308920027A2F5 /* Products */,
			);
			sourceTree = "<group>";
		};
		C983525F1D1308920027A2F5 /* Products */ = {
			isa = PBXGroup;
			children = (
				C983525E1D1308920027A2F5 /* Lifecycle.app */,
			);
			name = Products;
			sourceTree = "<group>";
		};
		C98352601D1308920027A2F5 /* Lifecycle */ = {
			isa = PBXGroup;
			children = (
				C98352641D1308920027A2F5 /* AppDelegate.h */,
				C98352651D1308920027A2F5 /* AppDelegate.m */,
				C98352671D1308920027A2F5 /* ViewController.h */,
				C98352681D1308920027A2F5 /* ViewController.m */,
				C983526A1D1308920027A2F5 /* Main.storyboard */,
				C983526D1D1308920027A2F5 /* Assets.xcassets */,
				C983526F1D1308920027A2F5 /* LaunchScreen.storyboard */,
				C98352721D1308920027A2F5 /* Info.plist */,
				C98352611D1308920027A2F5 /* Supporting Files */,
			);
			path = Lifecycle;
			sourceTree = "<group>";
		};
		C98352611D1308920027A2F5 /* Supporting Files */ = {
			isa = PBXGroup;
			children = (
				C98352621D1308920027A2F5 /* main.m */,
			);
			name = "Supporting Files";
			sourceTree = "<group>";
		};
/* End PBXGroup section */

/* Begin PBXNativeTarget section */
		C983525D1D1308920027A2F5 /* Lifecycle */ = {
			isa = PBXNativeTarget;
			buildConfigurationList = C98352751D1308920027A2F5 /* Build configuration list for PBXNativeTarget "Lifecycle" */;
			buildPhases = (
				C983525A1D1308920027A2F5 /* Sources */,
				C983525B1D1308920027A2F5 /* Frameworks */,
				C983525C1D1308920027A2F5 /* Resources */,
			);
			buildRules = (
			);
			dependencies = (
			);
			name = Lifecycle;
			productName = Lifecycle;
			productReference = C983525E1D1308920027A2F5 /* Lifecycle.app */;
			productType = "com.apple.product-type.application";
		};
/* End PBXNativeTarget section */

/* Begin PBXProject section */
		C98352561D1308920027A2F5 /* Project object */ = {
			isa = PBXProject;
			attributes = {
				LastUpgradeCheck = 0730;
				ORGANIZATIONNAME = "Matt Milner";
				TargetAttributes = {
					C983525D1D1308920027A2F5 = {
						CreatedOnToolsVersion = 7.3.1;
					};
				};
			};
			buildConfigurationList = C98352591D1308920027A2F5 /* Build configuration list for PBXProject "Lifecycle" */;
			compatibilityVersion = "Xcode 3.2";
			developmentRegion = English;
			hasScannedForEncodings = 0;
			knownRegions = (
				en,
				Base,
			);
			mainGroup = C98352551D1308920027A2F5;
			productRefGroup = C983525F1D1308920027A2F5 /* Products */;
			projectDirPath = "";
			projectRoot = "";
			targets = (
				C983525D1D1308920027A2F5 /* Lifecycle */,
			);
		};
/* End PBXProject section */

/* Begin PBXResourcesBuildPhase section */
		C983525C1D1308920027A2F5 /* Resources */ = {
			isa = PBXResourcesBuildPhase;
			buildActionMask = 2147483647;
			files = (
				C98352711D1308920027A2F5 /* LaunchScreen.storyboard in Resources */,
				C983526E1D1308920027A2F5 /* Assets.xcassets in Resources */,
				C983526C1D1308920027A2F5 /* Main.storyboard in Resources */,
			);
			runOnlyForDeploymentPostprocessing = 0;
		};
/* End PBXResourcesBuildPhase section */

/* Begin PBXSourcesBuildPhase section */
		C983525A1D1308920027A2F5 /* Sources */ = {
			isa = PBXSourcesBuildPhase;
			buildActionMask = 2147483647;
			files = (
				C98352691D1308920027A2F5 /* ViewController.m in Sources */,
				C98352661D1308920027A2F5 /* AppDelegate.m in Sources */,
				C98352631D1308920027A2F5 /* main.m in Sources */,
			);
			runOnlyForDeploymentPostprocessing = 0;
		};
/* End PBXSourcesBuildPhase section */

/* Begin PBXVariantGroup section */
		C983526A1D1308920027A2F5 /* Main.storyboard */ = {
			isa = PBXVariantGroup;
			children = (
				C983526B1D1308920027A2F5 /* Base */,
			);
			name = Main.storyboard;
			sourceTree = "<group>";
		};
		C983526F1D1308920027A2F5 /* LaunchScreen.storyboard */ = {
			isa = PBXVariantGroup;
			children = (
				C98352701D1308920027A2F5 /* Base */,
			);
			name = LaunchScreen.storyboard;
			sourceTree = "<group>";
		};
/* End PBXVariantGroup section */

/* Begin XCBuildConfiguration section */
		C98352731D1308920027A2F5 /* Debug */ = {
			isa = XCBuildConfiguration;
			buildSettings = {
				ALWAYS_SEARCH_USER_PATHS = NO;
				CLANG_ANALYZER_NONNULL = YES;
				CLANG_CXX_LANGUAGE_STANDARD = "gnu++0x";
				CLANG_CXX_LIBRARY = "libc++";
				CLANG_ENABLE_MODULES = YES;
				CLANG_ENABLE_OBJC_ARC = YES;
				CLANG_WARN_BOOL_CONVERSION = YES;
				CLANG_WARN_CONSTANT_CONVERSION = YES;
				CLANG_WARN_DIRECT_OBJC_ISA_USAGE = YES_ERROR;
				CLANG_WARN_EMPTY_BODY = YES;
				CLANG_WARN_ENUM_CONVERSION = YES;
				CLANG_WARN_INT_CONVERSION = YES;
				CLANG_WARN_OBJC_ROOT_CLASS = YES_ERROR;
				CLANG_WARN_UNREACHABLE_CODE = YES;
				CLANG_WARN__DUPLICATE_METHOD_MATCH = YES;
				"CODE_SIGN_IDENTITY[sdk=iphoneos*]" = "iPhone Developer";
				COPY_PHASE_STRIP = NO;
				DEBUG_INFORMATION_FORMAT = dwarf;
				ENABLE_STRICT_OBJC_MSGSEND = YES;
				ENABLE_TESTABILITY = YES;
				GCC_C_LANGUAGE_STANDARD = gnu99;
				GCC_DYNAMIC_NO_PIC = NO;
				GCC_NO_COMMON_BLOCKS = YES;
				GCC_OPTIMIZATION_LEVEL = 0;
				GCC_PREPROCESSOR_DEFINITIONS = (
					"DEBUG=1",
					"$(inherited)",
				);
				GCC_WARN_64_TO_32_BIT_CONVERSION = YES;
				GCC_WARN_ABOUT_RETURN_TYPE = YES_ERROR;
				GCC_WARN_UNDECLARED_SELECTOR = YES;
				GCC_WARN_UNINITIALIZED_AUTOS = YES_AGGRESSIVE;
				GCC_WARN_UNUSED_FUNCTION = YES;
				GCC_WARN_UNUSED_VARIABLE = YES;
				IPHONEOS_DEPLOYMENT_TARGET = 9.3;
				MTL_ENABLE_DEBUG_INFO = YES;
				ONLY_ACTIVE_ARCH = YES;
				SDKROOT = iphoneos;
				TARGETED_DEVICE_FAMILY = "1,2";
			};
			name = Debug;
		};
		C98352741D1308920027A2F5 /* Release */ = {
			isa = XCBuildConfiguration;
			buildSettings = {
				ALWAYS_SEARCH_USER_PATHS = NO;
				CLANG_ANALYZER_NONNULL = YES;
				CLANG_CXX_LANGUAGE_STANDARD = "gnu++0x";
				CLANG_CXX_LIBRARY = "libc++";
				CLANG_ENABLE_MODULES = YES;
				CLANG_ENABLE_OBJC_ARC = YES;
				CLANG_WARN_BOOL_CONVERSION = YES;
				CLANG_WARN_CONSTANT_CONVERSION = YES;
				CLANG_WARN_DIRECT_OBJC_ISA_USAGE = YES_ERROR;
				CLANG_WARN_EMPTY_BODY = YES;
				CLANG_WARN_ENUM_CONVERSION = YES;
				CLANG_WARN_INT_CONVERSION = YES;
				CLANG_WARN_OBJC_ROOT_CLASS = YES_ERROR;
				CLANG_WARN_UNREACHABLE_CODE = YES;
				CLANG_WARN__DUPLICATE_METHOD_MATCH = YES;
				"CODE_SIGN_IDENTITY[sdk=iphoneos*]" = "iPhone Developer";
				COPY_PHASE_STRIP = NO;
				DEBUG_INFORMATION_FORMAT = "dwarf-with-dsym";
				ENABLE_NS_ASSERTIONS = NO;
				ENABLE_STRICT_OBJC_MSGSEND = YES;
				GCC_C_LANGUAGE_STANDARD = gnu99;
				GCC_NO_COMMON_BLOCKS = YES;
				GCC_WARN_64_TO_32_BIT_CONVERSION = YES;
				GCC_WARN_ABOUT_RETURN_TYPE = YES_ERROR;
				GCC_WARN_UNDECLARED_SELECTOR = YES;
				GCC_WARN_UNINITIALIZED_AUTOS = YES_AGGRESSIVE;
				GCC_WARN_UNUSED_FUNCTION = YES;
				GCC_WARN_UNUSED_VARIABLE = YES;
				IPHONEOS_DEPLOYMENT_TARGET = 9.3;
				MTL_ENABLE_DEBUG_INFO = NO;
				SDKROOT = iphoneos;
				TARGETED_DEVICE_FAMILY = "1,2";
				VALIDATE_PRODUCT = YES;
			};
			name = Release;
		};
		C98352761D1308920027A2F5 /* Debug */ = {
			isa = XCBuildConfiguration;
			buildSettings = {
				ASSETCATALOG_COMPILER_APPICON_NAME = AppIcon;
				INFOPLIST_FILE = Lifecycle/Info.plist;
				LD_RUNPATH_SEARCH_PATHS = "$(inherited) @executable_path/Frameworks";
				PRODUCT_BUNDLE_IDENTIFIER = com.theironyard.houston.Lifecycle;
				PRODUCT_NAME = "$(TARGET_NAME)";
			};
			name = Debug;
		};
		C98352771D1308920027A2F5 /* Release */ = {
			isa = XCBuildConfiguration;
			buildSettings = {
				ASSETCATALOG_COMPILER_APPICON_NAME = AppIcon;
				INFOPLIST_FILE = Lifecycle/Info.plist;
				LD_RUNPATH_SEARCH_PATHS = "$(inherited) @executable_path/Frameworks";
				PRODUCT_BUNDLE_IDENTIFIER = com.theironyard.houston.Lifecycle;
				PRODUCT_NAME = "$(TARGET_NAME)";
			};
			name = Release;
		};
/* End XCBuildConfiguration section */

/* Begin XCConfigurationList section */
		C98352591D1308920027A2F5 /* Build configuration list for PBXProject "Lifecycle" */ = {
			isa = XCConfigurationList;
			buildConfigurations = (
				C98352731D1308920027A2F5 /* Debug */,
				C98352741D1308920027A2F5 /* Release */,
			);
			defaultConfigurationIsVisible = 0;
			defaultConfigurationName = Release;
		};
		C98352751D1308920027A2F5 /* Build configuration list for PBXNativeTarget "Lifecycle" */ = {
			isa = XCConfigurationList;
			buildConfigurations = (
				C98352761D1308920027A2F5 /* Debug */,
				C98352771D1308920027A2F5 /* Release */,
			);
			defaultConfigurationIsVisible = 0;
		};
/* End XCConfigurationList section */
	};
	rootObject = C98352561D1308920027A2F5 /* Project object */;
}
